
Microsoft Visual Studio Solution File, Format Version 12.00
# Visual Studio Version 17
VisualStudioVersion = 17.0.32002.185
MinimumVisualStudioVersion = 10.0.40219.1
Project("{FAE04EC0-301F-11D3-BF4B-00C04F79EFBC}") = "Lab 4 Capstone 1 Pig Latin Converter", "Lab 4 Capstone 1 Pig Latin Converter\Lab 4 Capstone 1 Pig Latin Converter.csproj", "{E1515033-392C-4984-B943-143B56653E57}"
EndProject
Global
	GlobalSection(SolutionConfigurationPlatforms) = preSolution
		Debug|Any CPU = Debug|Any CPU
		Release|Any CPU = Release|Any CPU
	EndGlobalSection
	GlobalSection(ProjectConfigurationPlatforms) = postSolution
		{E1515033-392C-4984-B943-143B56653E57}.Debug|Any CPU.ActiveCfg = Debug|Any CPU
		{E1515033-392C-4984-B943-143B56653E57}.Debug|Any CPU.Build.0 = Debug|Any CPU
		{E1515033-392C-4984-B943-143B56653E57}.Release|Any CPU.ActiveCfg = Release|Any CPU
		{E1515033-392C-4984-B943-143B56653E57}.Release|Any CPU.Build.0 = Release|Any CPU
	EndGlobalSection
	GlobalSection(SolutionProperties) = preSolution
		HideSolutionNode = FALSE
	EndGlobalSection
	GlobalSection(ExtensibilityGlobals) = postSolution
		SolutionGuid = {8ACABEFA-E1E6-47DF-8C53-B66F26EAE8C6}
	EndGlobalSection
EndGlobal
